
Microsoft Visual Studio Solution File, Format Version 12.00
# Visual Studio 2012
Project("{FAE04EC0-301F-11D3-BF4B-00C04F79EFBC}") = "TBS.Windows", "TBS\TBS.Windows.csproj", "{8A727371-2B2A-4D6F-87E2-215B1A032E38}"
EndProject
Project("{FAE04EC0-301F-11D3-BF4B-00C04F79EFBC}") = "TBS.ContentProject", "GameName1\GameName1\TBS.ContentProject.csproj", "{4FD793FC-3B0E-4B1D-BC16-219F125970CA}"
EndProject
Project("{96E2B04D-8817-42C6-938A-82C39BA4D311}") = "TBS.Content", "GameName1\GameName1Content\TBS.Content.contentproj", "{9491FAB1-17D3-4116-8AC7-BDCF5F608086}"
EndProject
Global
	GlobalSection(SolutionConfigurationPlatforms) = preSolution
		Android|Any CPU = Android|Any CPU
		Android|Mixed Platforms = Android|Mixed Platforms
		Android|x86 = Android|x86
		Debug|Any CPU = Debug|Any CPU
		Debug|Mixed Platforms = Debug|Mixed Platforms
		Debug|x86 = Debug|x86
		iOS|Any CPU = iOS|Any CPU
		iOS|Mixed Platforms = iOS|Mixed Platforms
		iOS|x86 = iOS|x86
		Linux|Any CPU = Linux|Any CPU
		Linux|Mixed Platforms = Linux|Mixed Platforms
		Linux|x86 = Linux|x86
		OSX|Any CPU = OSX|Any CPU
		OSX|Mixed Platforms = OSX|Mixed Platforms
		OSX|x86 = OSX|x86
		PSM|Any CPU = PSM|Any CPU
		PSM|Mixed Platforms = PSM|Mixed Platforms
		PSM|x86 = PSM|x86
		Release|Any CPU = Release|Any CPU
		Release|Mixed Platforms = Release|Mixed Platforms
		Release|x86 = Release|x86
		Windows|Any CPU = Windows|Any CPU
		Windows|Mixed Platforms = Windows|Mixed Platforms
		Windows|x86 = Windows|x86
		Windows8|Any CPU = Windows8|Any CPU
		Windows8|Mixed Platforms = Windows8|Mixed Platforms
		Windows8|x86 = Windows8|x86
	EndGlobalSection
	GlobalSection(ProjectConfigurationPlatforms) = postSolution
		{8A727371-2B2A-4D6F-87E2-215B1A032E38}.Android|Any CPU.ActiveCfg = Release|x86
		{8A727371-2B2A-4D6F-87E2-215B1A032E38}.Android|Mixed Platforms.ActiveCfg = Release|x86
		{8A727371-2B2A-4D6F-87E2-215B1A032E38}.Android|Mixed Platforms.Build.0 = Release|x86
		{8A727371-2B2A-4D6F-87E2-215B1A032E38}.Android|x86.ActiveCfg = Release|x86
		{8A727371-2B2A-4D6F-87E2-215B1A032E38}.Android|x86.Build.0 = Release|x86
		{8A727371-2B2A-4D6F-87E2-215B1A032E38}.Debug|Any CPU.ActiveCfg = Debug|x86
		{8A727371-2B2A-4D6F-87E2-215B1A032E38}.Debug|Mixed Platforms.ActiveCfg = Debug|x86
		{8A727371-2B2A-4D6F-87E2-215B1A032E38}.Debug|Mixed Platforms.Build.0 = Debug|x86
		{8A727371-2B2A-4D6F-87E2-215B1A032E38}.Debug|x86.ActiveCfg = Debug|x86
		{8A727371-2B2A-4D6F-87E2-215B1A032E38}.Debug|x86.Build.0 = Debug|x86
		{8A727371-2B2A-4D6F-87E2-215B1A032E38}.iOS|Any CPU.ActiveCfg = Release|x86
		{8A727371-2B2A-4D6F-87E2-215B1A032E38}.iOS|Mixed Platforms.ActiveCfg = Release|x86
		{8A727371-2B2A-4D6F-87E2-215B1A032E38}.iOS|Mixed Platforms.Build.0 = Release|x86
		{8A727371-2B2A-4D6F-87E2-215B1A032E38}.iOS|x86.ActiveCfg = Release|x86
		{8A727371-2B2A-4D6F-87E2-215B1A032E38}.iOS|x86.Build.0 = Release|x86
		{8A727371-2B2A-4D6F-87E2-215B1A032E38}.Linux|Any CPU.ActiveCfg = Release|x86
		{8A727371-2B2A-4D6F-87E2-215B1A032E38}.Linux|Mixed Platforms.ActiveCfg = Release|x86
		{8A727371-2B2A-4D6F-87E2-215B1A032E38}.Linux|Mixed Platforms.Build.0 = Release|x86
		{8A727371-2B2A-4D6F-87E2-215B1A032E38}.Linux|x86.ActiveCfg = Release|x86
		{8A727371-2B2A-4D6F-87E2-215B1A032E38}.Linux|x86.Build.0 = Release|x86
		{8A727371-2B2A-4D6F-87E2-215B1A032E38}.OSX|Any CPU.ActiveCfg = Release|x86
		{8A727371-2B2A-4D6F-87E2-215B1A032E38}.OSX|Mixed Platforms.ActiveCfg = Release|x86
		{8A727371-2B2A-4D6F-87E2-215B1A032E38}.OSX|Mixed Platforms.Build.0 = Release|x86
		{8A727371-2B2A-4D6F-87E2-215B1A032E38}.OSX|x86.ActiveCfg = Release|x86
		{8A727371-2B2A-4D6F-87E2-215B1A032E38}.OSX|x86.Build.0 = Release|x86
		{8A727371-2B2A-4D6F-87E2-215B1A032E38}.PSM|Any CPU.ActiveCfg = Release|x86
		{8A727371-2B2A-4D6F-87E2-215B1A032E38}.PSM|Mixed Platforms.ActiveCfg = Release|x86
		{8A727371-2B2A-4D6F-87E2-215B1A032E38}.PSM|Mixed Platforms.Build.0 = Release|x86
		{8A727371-2B2A-4D6F-87E2-215B1A032E38}.PSM|x86.ActiveCfg = Release|x86
		{8A727371-2B2A-4D6F-87E2-215B1A032E38}.PSM|x86.Build.0 = Release|x86
		{8A727371-2B2A-4D6F-87E2-215B1A032E38}.Release|Any CPU.ActiveCfg = Release|x86
		{8A727371-2B2A-4D6F-87E2-215B1A032E38}.Release|Mixed Platforms.ActiveCfg = Release|x86
		{8A727371-2B2A-4D6F-87E2-215B1A032E38}.Release|Mixed Platforms.Build.0 = Release|x86
		{8A727371-2B2A-4D6F-87E2-215B1A032E38}.Release|x86.ActiveCfg = Release|x86
		{8A727371-2B2A-4D6F-87E2-215B1A032E38}.Release|x86.Build.0 = Release|x86
		{8A727371-2B2A-4D6F-87E2-215B1A032E38}.Windows|Any CPU.ActiveCfg = Release|x86
		{8A727371-2B2A-4D6F-87E2-215B1A032E38}.Windows|Mixed Platforms.ActiveCfg = Release|x86
		{8A727371-2B2A-4D6F-87E2-215B1A032E38}.Windows|Mixed Platforms.Build.0 = Release|x86
		{8A727371-2B2A-4D6F-87E2-215B1A032E38}.Windows|x86.ActiveCfg = Release|x86
		{8A727371-2B2A-4D6F-87E2-215B1A032E38}.Windows|x86.Build.0 = Release|x86
		{8A727371-2B2A-4D6F-87E2-215B1A032E38}.Windows8|Any CPU.ActiveCfg = Release|x86
		{8A727371-2B2A-4D6F-87E2-215B1A032E38}.Windows8|Mixed Platforms.ActiveCfg = Release|x86
		{8A727371-2B2A-4D6F-87E2-215B1A032E38}.Windows8|Mixed Platforms.Build.0 = Release|x86
		{8A727371-2B2A-4D6F-87E2-215B1A032E38}.Windows8|x86.ActiveCfg = Release|x86
		{8A727371-2B2A-4D6F-87E2-215B1A032E38}.Windows8|x86.Build.0 = Release|x86
		{4FD793FC-3B0E-4B1D-BC16-219F125970CA}.Android|Any CPU.ActiveCfg = Android|Any CPU
		{4FD793FC-3B0E-4B1D-BC16-219F125970CA}.Android|Any CPU.Build.0 = Android|Any CPU
		{4FD793FC-3B0E-4B1D-BC16-219F125970CA}.Android|Mixed Platforms.ActiveCfg = Android|Any CPU
		{4FD793FC-3B0E-4B1D-BC16-219F125970CA}.Android|Mixed Platforms.Build.0 = Android|Any CPU
		{4FD793FC-3B0E-4B1D-BC16-219F125970CA}.Android|x86.ActiveCfg = Android|Any CPU
		{4FD793FC-3B0E-4B1D-BC16-219F125970CA}.Debug|Any CPU.ActiveCfg = PSM|Any CPU
		{4FD793FC-3B0E-4B1D-BC16-219F125970CA}.Debug|Any CPU.Build.0 = PSM|Any CPU
		{4FD793FC-3B0E-4B1D-BC16-219F125970CA}.Debug|Mixed Platforms.ActiveCfg = PSM|Any CPU
		{4FD793FC-3B0E-4B1D-BC16-219F125970CA}.Debug|Mixed Platforms.Build.0 = PSM|Any CPU
		{4FD793FC-3B0E-4B1D-BC16-219F125970CA}.Debug|x86.ActiveCfg = PSM|Any CPU
		{4FD793FC-3B0E-4B1D-BC16-219F125970CA}.iOS|Any CPU.ActiveCfg = iOS|Any CPU
		{4FD793FC-3B0E-4B1D-BC16-219F125970CA}.iOS|Any CPU.Build.0 = iOS|Any CPU
		{4FD793FC-3B0E-4B1D-BC16-219F125970CA}.iOS|Mixed Platforms.ActiveCfg = iOS|Any CPU
		{4FD793FC-3B0E-4B1D-BC16-219F125970CA}.iOS|Mixed Platforms.Build.0 = iOS|Any CPU
		{4FD793FC-3B0E-4B1D-BC16-219F125970CA}.iOS|x86.ActiveCfg = iOS|Any CPU
		{4FD793FC-3B0E-4B1D-BC16-219F125970CA}.Linux|Any CPU.ActiveCfg = Linux|Any CPU
		{4FD793FC-3B0E-4B1D-BC16-219F125970CA}.Linux|Any CPU.Build.0 = Linux|Any CPU
		{4FD793FC-3B0E-4B1D-BC16-219F125970CA}.Linux|Mixed Platforms.ActiveCfg = Linux|Any CPU
		{4FD793FC-3B0E-4B1D-BC16-219F125970CA}.Linux|Mixed Platforms.Build.0 = Linux|Any CPU
		{4FD793FC-3B0E-4B1D-BC16-219F125970CA}.Linux|x86.ActiveCfg = Linux|Any CPU
		{4FD793FC-3B0E-4B1D-BC16-219F125970CA}.OSX|Any CPU.ActiveCfg = OSX|Any CPU
		{4FD793FC-3B0E-4B1D-BC16-219F125970CA}.OSX|Any CPU.Build.0 = OSX|Any CPU
		{4FD793FC-3B0E-4B1D-BC16-219F125970CA}.OSX|Mixed Platforms.ActiveCfg = OSX|Any CPU
		{4FD793FC-3B0E-4B1D-BC16-219F125970CA}.OSX|Mixed Platforms.Build.0 = OSX|Any CPU
		{4FD793FC-3B0E-4B1D-BC16-219F125970CA}.OSX|x86.ActiveCfg = OSX|Any CPU
		{4FD793FC-3B0E-4B1D-BC16-219F125970CA}.PSM|Any CPU.ActiveCfg = PSM|Any CPU
		{4FD793FC-3B0E-4B1D-BC16-219F125970CA}.PSM|Any CPU.Build.0 = PSM|Any CPU
		{4FD793FC-3B0E-4B1D-BC16-219F125970CA}.PSM|Mixed Platforms.ActiveCfg = PSM|Any CPU
		{4FD793FC-3B0E-4B1D-BC16-219F125970CA}.PSM|Mixed Platforms.Build.0 = PSM|Any CPU
		{4FD793FC-3B0E-4B1D-BC16-219F125970CA}.PSM|x86.ActiveCfg = PSM|Any CPU
		{4FD793FC-3B0E-4B1D-BC16-219F125970CA}.Release|Any CPU.ActiveCfg = PSM|Any CPU
		{4FD793FC-3B0E-4B1D-BC16-219F125970CA}.Release|Any CPU.Build.0 = PSM|Any CPU
		{4FD793FC-3B0E-4B1D-BC16-219F125970CA}.Release|Mixed Platforms.ActiveCfg = PSM|Any CPU
		{4FD793FC-3B0E-4B1D-BC16-219F125970CA}.Release|Mixed Platforms.Build.0 = PSM|Any CPU
		{4FD793FC-3B0E-4B1D-BC16-219F125970CA}.Release|x86.ActiveCfg = PSM|Any CPU
		{4FD793FC-3B0E-4B1D-BC16-219F125970CA}.Windows|Any CPU.ActiveCfg = Windows|Any CPU
		{4FD793FC-3B0E-4B1D-BC16-219F125970CA}.Windows|Any CPU.Build.0 = Windows|Any CPU
		{4FD793FC-3B0E-4B1D-BC16-219F125970CA}.Windows|Mixed Platforms.ActiveCfg = Windows|Any CPU
		{4FD793FC-3B0E-4B1D-BC16-219F125970CA}.Windows|Mixed Platforms.Build.0 = Windows|Any CPU
		{4FD793FC-3B0E-4B1D-BC16-219F125970CA}.Windows|x86.ActiveCfg = Windows|Any CPU
		{4FD793FC-3B0E-4B1D-BC16-219F125970CA}.Windows8|Any CPU.ActiveCfg = Windows8|Any CPU
		{4FD793FC-3B0E-4B1D-BC16-219F125970CA}.Windows8|Any CPU.Build.0 = Windows8|Any CPU
		{4FD793FC-3B0E-4B1D-BC16-219F125970CA}.Windows8|Mixed Platforms.ActiveCfg = Windows8|Any CPU
		{4FD793FC-3B0E-4B1D-BC16-219F125970CA}.Windows8|Mixed Platforms.Build.0 = Windows8|Any CPU
		{4FD793FC-3B0E-4B1D-BC16-219F125970CA}.Windows8|x86.ActiveCfg = Windows8|Any CPU
		{9491FAB1-17D3-4116-8AC7-BDCF5F608086}.Android|Any CPU.ActiveCfg = Android|Any CPU
		{9491FAB1-17D3-4116-8AC7-BDCF5F608086}.Android|Mixed Platforms.ActiveCfg = Android|Any CPU
		{9491FAB1-17D3-4116-8AC7-BDCF5F608086}.Android|x86.ActiveCfg = Android|Any CPU
		{9491FAB1-17D3-4116-8AC7-BDCF5F608086}.Debug|Any CPU.ActiveCfg = PSM|Any CPU
		{9491FAB1-17D3-4116-8AC7-BDCF5F608086}.Debug|Mixed Platforms.ActiveCfg = PSM|Any CPU
		{9491FAB1-17D3-4116-8AC7-BDCF5F608086}.Debug|x86.ActiveCfg = PSM|Any CPU
		{9491FAB1-17D3-4116-8AC7-BDCF5F608086}.iOS|Any CPU.ActiveCfg = iOS|Any CPU
		{9491FAB1-17D3-4116-8AC7-BDCF5F608086}.iOS|Mixed Platforms.ActiveCfg = iOS|Any CPU
		{9491FAB1-17D3-4116-8AC7-BDCF5F608086}.iOS|x86.ActiveCfg = iOS|Any CPU
		{9491FAB1-17D3-4116-8AC7-BDCF5F608086}.Linux|Any CPU.ActiveCfg = Linux|Any CPU
		{9491FAB1-17D3-4116-8AC7-BDCF5F608086}.Linux|Mixed Platforms.ActiveCfg = Linux|Any CPU
		{9491FAB1-17D3-4116-8AC7-BDCF5F608086}.Linux|x86.ActiveCfg = Linux|Any CPU
		{9491FAB1-17D3-4116-8AC7-BDCF5F608086}.OSX|Any CPU.ActiveCfg = OSX|Any CPU
		{9491FAB1-17D3-4116-8AC7-BDCF5F608086}.OSX|Mixed Platforms.ActiveCfg = OSX|Any CPU
		{9491FAB1-17D3-4116-8AC7-BDCF5F608086}.OSX|x86.ActiveCfg = OSX|Any CPU
		{9491FAB1-17D3-4116-8AC7-BDCF5F608086}.PSM|Any CPU.ActiveCfg = PSM|Any CPU
		{9491FAB1-17D3-4116-8AC7-BDCF5F608086}.PSM|Mixed Platforms.ActiveCfg = PSM|Any CPU
		{9491FAB1-17D3-4116-8AC7-BDCF5F608086}.PSM|x86.ActiveCfg = PSM|Any CPU
		{9491FAB1-17D3-4116-8AC7-BDCF5F608086}.Release|Any CPU.ActiveCfg = PSM|Any CPU
		{9491FAB1-17D3-4116-8AC7-BDCF5F608086}.Release|Mixed Platforms.ActiveCfg = PSM|Any CPU
		{9491FAB1-17D3-4116-8AC7-BDCF5F608086}.Release|x86.ActiveCfg = PSM|Any CPU
		{9491FAB1-17D3-4116-8AC7-BDCF5F608086}.Windows|Any CPU.ActiveCfg = Windows|Any CPU
		{9491FAB1-17D3-4116-8AC7-BDCF5F608086}.Windows|Mixed Platforms.ActiveCfg = Windows|Any CPU
		{9491FAB1-17D3-4116-8AC7-BDCF5F608086}.Windows|x86.ActiveCfg = Windows|Any CPU
		{9491FAB1-17D3-4116-8AC7-BDCF5F608086}.Windows8|Any CPU.ActiveCfg = Windows8|Any CPU
		{9491FAB1-17D3-4116-8AC7-BDCF5F608086}.Windows8|Mixed Platforms.ActiveCfg = Windows8|Any CPU
		{9491FAB1-17D3-4116-8AC7-BDCF5F608086}.Windows8|x86.ActiveCfg = Windows8|Any CPU
	EndGlobalSection
	GlobalSection(SolutionProperties) = preSolution
		HideSolutionNode = FALSE
	EndGlobalSection
EndGlobal
